// !$*UTF8*$!
{
	archiveVersion = 1;
	classes = {
	};
	objectVersion = 46;
	objects = {

/* Begin PBXBuildFile section */
		5B6CD64E1CC17E9900200D16 /* AppDelegate.swift in Sources */ = {isa = PBXBuildFile; fileRef = 5B6CD64D1CC17E9900200D16 /* AppDelegate.swift */; };
		5B6CD6501CC17E9900200D16 /* ViewController.swift in Sources */ = {isa = PBXBuildFile; fileRef = 5B6CD64F1CC17E9900200D16 /* ViewController.swift */; };
		5B6CD6531CC17E9900200D16 /* Main.storyboard in Resources */ = {isa = PBXBuildFile; fileRef = 5B6CD6511CC17E9900200D16 /* Main.storyboard */; };
		5B6CD6551CC17E9900200D16 /* Assets.xcassets in Resources */ = {isa = PBXBuildFile; fileRef = 5B6CD6541CC17E9900200D16 /* Assets.xcassets */; };
		5B6CD6581CC17E9900200D16 /* LaunchScreen.storyboard in Resources */ = {isa = PBXBuildFile; fileRef = 5B6CD6561CC17E9900200D16 /* LaunchScreen.storyboard */; };
/* End PBXBuildFile section */

/* Begin PBXFileReference section */
		5B6CD64A1CC17E9900200D16 /* two.app */ = {isa = PBXFileReference; explicitFileType = wrapper.application; includeInIndex = 0; path = two.app; sourceTree = BUILT_PRODUCTS_DIR; };
		5B6CD64D1CC17E9900200D16 /* AppDelegate.swift */ = {isa = PBXFileReference; lastKnownFileType = sourcecode.swift; path = AppDelegate.swift; sourceTree = "<group>"; };
		5B6CD64F1CC17E9900200D16 /* ViewController.swift */ = {isa = PBXFileReference; lastKnownFileType = sourcecode.swift; path = ViewController.swift; sourceTree = "<group>"; };
		5B6CD6521CC17E9900200D16 /* Base */ = {isa = PBXFileReference; lastKnownFileType = file.storyboard; name = Base; path = Base.lproj/Main.storyboard; sourceTree = "<group>"; };
		5B6CD6541CC17E9900200D16 /* Assets.xcassets */ = {isa = PBXFileReference; lastKnownFileType = folder.assetcatalog; path = Assets.xcassets; sourceTree = "<group>"; };
		5B6CD6571CC17E9900200D16 /* Base */ = {isa = PBXFileReference; lastKnownFileType = file.storyboard; name = Base; path = Base.lproj/LaunchScreen.storyboard; sourceTree = "<group>"; };
		5B6CD6591CC17E9900200D16 /* Info.plist */ = {isa = PBXFileReference; lastKnownFileType = text.plist.xml; path = Info.plist; sourceTree = "<group>"; };
/* End PBXFileReference section */

/* Begin PBXFrameworksBuildPhase section */
		5B6CD6471CC17E9900200D16 /* Frameworks */ = {
			isa = PBXFrameworksBuildPhase;
			buildActionMask = 2147483647;
			files = (
			);
			runOnlyForDeploymentPostprocessing = 0;
		};
/* End PBXFrameworksBuildPhase section */

/* Begin PBXGroup section */
		5B6CD6411CC17E9900200D16 = {
			isa = PBXGroup;
			children = (
				5B6CD64C1CC17E9900200D16 /* two */,
				5B6CD64B1CC17E9900200D16 /* Products */,
			);
			sourceTree = "<group>";
		};
		5B6CD64B1CC17E9900200D16 /* Products */ = {
			isa = PBXGroup;
			children = (
				5B6CD64A1CC17E9900200D16 /* two.app */,
			);
			name = Products;
			sourceTree = "<group>";
		};
		5B6CD64C1CC17E9900200D16 /* two */ = {
			isa = PBXGroup;
			children = (
				5B6CD64D1CC17E9900200D16 /* AppDelegate.swift */,
				5B6CD64F1CC17E9900200D16 /* ViewController.swift */,
				5B6CD6511CC17E9900200D16 /* Main.storyboard */,
				5B6CD6541CC17E9900200D16 /* Assets.xcassets */,
				5B6CD6561CC17E9900200D16 /* LaunchScreen.storyboard */,
				5B6CD6591CC17E9900200D16 /* Info.plist */,
			);
			path = two;
			sourceTree = "<group>";
		};
/* End PBXGroup section */

/* Begin PBXNativeTarget section */
		5B6CD6491CC17E9900200D16 /* two */ = {
			isa = PBXNativeTarget;
			buildConfigurationList = 5B6CD65C1CC17E9900200D16 /* Build configuration list for PBXNativeTarget "two" */;
			buildPhases = (
				5B6CD6461CC17E9900200D16 /* Sources */,
				5B6CD6471CC17E9900200D16 /* Frameworks */,
				5B6CD6481CC17E9900200D16 /* Resources */,
			);
			buildRules = (
			);
			dependencies = (
			);
			name = two;
			productName = two;
			productReference = 5B6CD64A1CC17E9900200D16 /* two.app */;
			productType = "com.apple.product-type.application";
		};
/* End PBXNativeTarget section */

/* Begin PBXProject section */
		5B6CD6421CC17E9900200D16 /* Project object */ = {
			isa = PBXProject;
			attributes = {
				LastSwiftUpdateCheck = 0730;
				LastUpgradeCheck = 0730;
				ORGANIZATIONNAME = adhoc;
				TargetAttributes = {
					5B6CD6491CC17E9900200D16 = {
						CreatedOnToolsVersion = 7.3;
					};
				};
			};
			buildConfigurationList = 5B6CD6451CC17E9900200D16 /* Build configuration list for PBXProject "two" */;
			compatibilityVersion = "Xcode 3.2";
			developmentRegion = English;
			hasScannedForEncodings = 0;
			knownRegions = (
				en,
				Base,
			);
			mainGroup = 5B6CD6411CC17E9900200D16;
			productRefGroup = 5B6CD64B1CC17E9900200D16 /* Products */;
			projectDirPath = "";
			projectRoot = "";
			targets = (
				5B6CD6491CC17E9900200D16 /* two */,
			);
		};
/* End PBXProject section */

/* Begin PBXResourcesBuildPhase section */
		5B6CD6481CC17E9900200D16 /* Resources */ = {
			isa = PBXResourcesBuildPhase;
			buildActionMask = 2147483647;
			files = (
				5B6CD6581CC17E9900200D16 /* LaunchScreen.storyboard in Resources */,
				5B6CD6551CC17E9900200D16 /* Assets.xcassets in Resources */,
				5B6CD6531CC17E9900200D16 /* Main.storyboard in Resources */,
			);
			runOnlyForDeploymentPostprocessing = 0;
		};
/* End PBXResourcesBuildPhase section */

/* Begin PBXSourcesBuildPhase section */
		5B6CD6461CC17E9900200D16 /* Sources */ = {
			isa = PBXSourcesBuildPhase;
			buildActionMask = 2147483647;
			files = (
				5B6CD6501CC17E9900200D16 /* ViewController.swift in Sources */,
				5B6CD64E1CC17E9900200D16 /* AppDelegate.swift in Sources */,
			);
			runOnlyForDeploymentPostprocessing = 0;
		};
/* End PBXSourcesBuildPhase section */

/* Begin PBXVariantGroup section */
		5B6CD6511CC17E9900200D16 /* Main.storyboard */ = {
			isa = PBXVariantGroup;
			children = (
				5B6CD6521CC17E9900200D16 /* Base */,
			);
			name = Main.storyboard;
			sourceTree = "<group>";
		};
		5B6CD6561CC17E9900200D16 /* LaunchScreen.storyboard */ = {
			isa = PBXVariantGroup;
			children = (
				5B6CD6571CC17E9900200D16 /* Base */,
			);
			name = LaunchScreen.storyboard;
			sourceTree = "<group>";
		};
/* End PBXVariantGroup section */

/* Begin XCBuildConfiguration section */
		5B6CD65A1CC17E9900200D16 /* Debug */ = {
			isa = XCBuildConfiguration;
			buildSettings = {
				ALWAYS_SEARCH_USER_PATHS = NO;
				CLANG_ANALYZER_NONNULL = YES;
				CLANG_CXX_LANGUAGE_STANDARD = "gnu++0x";
				CLANG_CXX_LIBRARY = "libc++";
				CLANG_ENABLE_MODULES = YES;
				CLANG_ENABLE_OBJC_ARC = YES;
				CLANG_WARN_BOOL_CONVERSION = YES;
				CLANG_WARN_CONSTANT_CONVERSION = YES;
				CLANG_WARN_DIRECT_OBJC_ISA_USAGE = YES_ERROR;
				CLANG_WARN_EMPTY_BODY = YES;
				CLANG_WARN_ENUM_CONVERSION = YES;
				CLANG_WARN_INT_CONVERSION = YES;
				CLANG_WARN_OBJC_ROOT_CLASS = YES_ERROR;
				CLANG_WARN_UNREACHABLE_CODE = YES;
				CLANG_WARN__DUPLICATE_METHOD_MATCH = YES;
				"CODE_SIGN_IDENTITY[sdk=iphoneos*]" = "iPhone Developer";
				COPY_PHASE_STRIP = NO;
				DEBUG_INFORMATION_FORMAT = dwarf;
				ENABLE_STRICT_OBJC_MSGSEND = YES;
				ENABLE_TESTABILITY = YES;
				GCC_C_LANGUAGE_STANDARD = gnu99;
				GCC_DYNAMIC_NO_PIC = NO;
				GCC_NO_COMMON_BLOCKS = YES;
				GCC_OPTIMIZATION_LEVEL = 0;
				GCC_PREPROCESSOR_DEFINITIONS = (
					"DEBUG=1",
					"$(inherited)",
				);
				GCC_WARN_64_TO_32_BIT_CONVERSION = YES;
				GCC_WARN_ABOUT_RETURN_TYPE = YES_ERROR;
				GCC_WARN_UNDECLARED_SELECTOR = YES;
				GCC_WARN_UNINITIALIZED_AUTOS = YES_AGGRESSIVE;
				GCC_WARN_UNUSED_FUNCTION = YES;
				GCC_WARN_UNUSED_VARIABLE = YES;
				IPHONEOS_DEPLOYMENT_TARGET = 9.3;
				MTL_ENABLE_DEBUG_INFO = YES;
				ONLY_ACTIVE_ARCH = YES;
				SDKROOT = iphoneos;
				SWIFT_OPTIMIZATION_LEVEL = "-Onone";
				TARGETED_DEVICE_FAMILY = "1,2";
			};
			name = Debug;
		};
		5B6CD65B1CC17E9900200D16 /* Release */ = {
			isa = XCBuildConfiguration;
			buildSettings = {
				ALWAYS_SEARCH_USER_PATHS = NO;
				CLANG_ANALYZER_NONNULL = YES;
				CLANG_CXX_LANGUAGE_STANDARD = "gnu++0x";
				CLANG_CXX_LIBRARY = "libc++";
				CLANG_ENABLE_MODULES = YES;
				CLANG_ENABLE_OBJC_ARC = YES;
				CLANG_WARN_BOOL_CONVERSION = YES;
				CLANG_WARN_CONSTANT_CONVERSION = YES;
				CLANG_WARN_DIRECT_OBJC_ISA_USAGE = YES_ERROR;
				CLANG_WARN_EMPTY_BODY = YES;
				CLANG_WARN_ENUM_CONVERSION = YES;
				CLANG_WARN_INT_CONVERSION = YES;
				CLANG_WARN_OBJC_ROOT_CLASS = YES_ERROR;
				CLANG_WARN_UNREACHABLE_CODE = YES;
				CLANG_WARN__DUPLICATE_METHOD_MATCH = YES;
				"CODE_SIGN_IDENTITY[sdk=iphoneos*]" = "iPhone Developer";
				COPY_PHASE_STRIP = NO;
				DEBUG_INFORMATION_FORMAT = "dwarf-with-dsym";
				ENABLE_NS_ASSERTIONS = NO;
				ENABLE_STRICT_OBJC_MSGSEND = YES;
				GCC_C_LANGUAGE_STANDARD = gnu99;
				GCC_NO_COMMON_BLOCKS = YES;
				GCC_WARN_64_TO_32_BIT_CONVERSION = YES;
				GCC_WARN_ABOUT_RETURN_TYPE = YES_ERROR;
				GCC_WARN_UNDECLARED_SELECTOR = YES;
				GCC_WARN_UNINITIALIZED_AUTOS = YES_AGGRESSIVE;
				GCC_WARN_UNUSED_FUNCTION = YES;
				GCC_WARN_UNUSED_VARIABLE = YES;
				IPHONEOS_DEPLOYMENT_TARGET = 9.3;
				MTL_ENABLE_DEBUG_INFO = NO;
				SDKROOT = iphoneos;
				TARGETED_DEVICE_FAMILY = "1,2";
				VALIDATE_PRODUCT = YES;
			};
			name = Release;
		};
		5B6CD65D1CC17E9900200D16 /* Debug */ = {
			isa = XCBuildConfiguration;
			buildSettings = {
				ASSETCATALOG_COMPILER_APPICON_NAME = AppIcon;
				INFOPLIST_FILE = two/Info.plist;
				LD_RUNPATH_SEARCH_PATHS = "$(inherited) @executable_path/Frameworks";
				PRODUCT_BUNDLE_IDENTIFIER = ammach.two;
				PRODUCT_NAME = "$(TARGET_NAME)";
			};
			name = Debug;
		};
		5B6CD65E1CC17E9900200D16 /* Release */ = {
			isa = XCBuildConfiguration;
			buildSettings = {
				ASSETCATALOG_COMPILER_APPICON_NAME = AppIcon;
				INFOPLIST_FILE = two/Info.plist;
				LD_RUNPATH_SEARCH_PATHS = "$(inherited) @executable_path/Frameworks";
				PRODUCT_BUNDLE_IDENTIFIER = ammach.two;
				PRODUCT_NAME = "$(TARGET_NAME)";
			};
			name = Release;
		};
/* End XCBuildConfiguration section */

/* Begin XCConfigurationList section */
		5B6CD6451CC17E9900200D16 /* Build configuration list for PBXProject "two" */ = {
			isa = XCConfigurationList;
			buildConfigurations = (
				5B6CD65A1CC17E9900200D16 /* Debug */,
				5B6CD65B1CC17E9900200D16 /* Release */,
			);
			defaultConfigurationIsVisible = 0;
			defaultConfigurationName = Release;
		};
		5B6CD65C1CC17E9900200D16 /* Build configuration list for PBXNativeTarget "two" */ = {
			isa = XCConfigurationList;
			buildConfigurations = (
				5B6CD65D1CC17E9900200D16 /* Debug */,
				5B6CD65E1CC17E9900200D16 /* Release */,
			);
			defaultConfigurationIsVisible = 0;
		};
/* End XCConfigurationList section */
	};
	rootObject = 5B6CD6421CC17E9900200D16 /* Project object */;
}
